
Microsoft Visual Studio Solution File, Format Version 12.00
# Visual Studio Version 16
VisualStudioVersion = 16.0.30503.244
MinimumVisualStudioVersion = 10.0.40219.1
Project("{FAE04EC0-301F-11D3-BF4B-00C04F79EFBC}") = "WebApp-UsingIdentity", "WebApp-UsingIdentity.csproj", "{7924F4EE-2B4E-48DE-9025-351E113A0D18}"
EndProject
Global
	GlobalSection(SolutionConfigurationPlatforms) = preSolution
		Debug|Any CPU = Debug|Any CPU
		Release|Any CPU = Release|Any CPU
	EndGlobalSection
	GlobalSection(ProjectConfigurationPlatforms) = postSolution
		{7924F4EE-2B4E-48DE-9025-351E113A0D18}.Debug|Any CPU.ActiveCfg = Debug|Any CPU
		{7924F4EE-2B4E-48DE-9025-351E113A0D18}.Debug|Any CPU.Build.0 = Debug|Any CPU
		{7924F4EE-2B4E-48DE-9025-351E113A0D18}.Release|Any CPU.ActiveCfg = Release|Any CPU
		{7924F4EE-2B4E-48DE-9025-351E113A0D18}.Release|Any CPU.Build.0 = Release|Any CPU
	EndGlobalSection
	GlobalSection(SolutionProperties) = preSolution
		HideSolutionNode = FALSE
	EndGlobalSection
	GlobalSection(ExtensibilityGlobals) = postSolution
		SolutionGuid = {49C3F9A7-8336-493E-BDD9-31823FB7BE86}
	EndGlobalSection
EndGlobal
